
Microsoft Visual Studio Solution File, Format Version 12.00
# Visual Studio Version 16
VisualStudioVersion = 16.0.31702.278
MinimumVisualStudioVersion = 10.0.40219.1
Project("{FAE04EC0-301F-11D3-BF4B-00C04F79EFBC}") = "Lesson10", "Lesson10\Lesson10.csproj", "{B0D565CD-68A4-4384-9F84-BA26CEB8238A}"
EndProject
Global
	GlobalSection(SolutionConfigurationPlatforms) = preSolution
		Debug|Any CPU = Debug|Any CPU
		Release|Any CPU = Release|Any CPU
	EndGlobalSection
	GlobalSection(ProjectConfigurationPlatforms) = postSolution
		{B0D565CD-68A4-4384-9F84-BA26CEB8238A}.Debug|Any CPU.ActiveCfg = Debug|Any CPU
		{B0D565CD-68A4-4384-9F84-BA26CEB8238A}.Debug|Any CPU.Build.0 = Debug|Any CPU
		{B0D565CD-68A4-4384-9F84-BA26CEB8238A}.Release|Any CPU.ActiveCfg = Release|Any CPU
		{B0D565CD-68A4-4384-9F84-BA26CEB8238A}.Release|Any CPU.Build.0 = Release|Any CPU
	EndGlobalSection
	GlobalSection(SolutionProperties) = preSolution
		HideSolutionNode = FALSE
	EndGlobalSection
	GlobalSection(ExtensibilityGlobals) = postSolution
		SolutionGuid = {5C24CFCA-02A2-4DDF-B758-B999160B46A0}
	EndGlobalSection
EndGlobal
